// !$*UTF8*$!
{
	archiveVersion = 1;
	classes = {
	};
	objectVersion = 45;
	objects = {

/* Begin PBXAggregateTarget section */
		395C79C51321CEE500BCFBFC /* Build Frameworks */ = {
			isa = PBXAggregateTarget;
			buildConfigurationList = 395C79CD1321CEF000BCFBFC /* Build configuration list for PBXAggregateTarget "Build Frameworks" */;
			buildPhases = (
				395C79C41321CEE500BCFBFC /* ShellScript */,
			);
			dependencies = (
			);
			name = "Build Frameworks";
			productName = "Test Script";
		};
		395C7A7A1321EC4F00BCFBFC /* Clean Frameworks */ = {
			isa = PBXAggregateTarget;
			buildConfigurationList = 395C7A801321EC6300BCFBFC /* Build configuration list for PBXAggregateTarget "Clean Frameworks" */;
			buildPhases = (
				395C7A791321EC4F00BCFBFC /* ShellScript */,
			);
			dependencies = (
			);
			name = "Clean Frameworks";
			productName = "Clean Frameworks";
		};
		395C7A821321ED6800BCFBFC /* Rebuild Frameworks */ = {
			isa = PBXAggregateTarget;
			buildConfigurationList = 395C7A8B1321ED8500BCFBFC /* Build configuration list for PBXAggregateTarget "Rebuild Frameworks" */;
			buildPhases = (
				395C7A811321ED6800BCFBFC /* ShellScript */,
			);
			dependencies = (
			);
			name = "Rebuild Frameworks";
			productName = Rebuild;
		};
/* End PBXAggregateTarget section */

/* Begin PBXBuildFile section */
		395C798D1321CB6C00BCFBFC /* MyExample.h in Headers */ = {isa = PBXBuildFile; fileRef = 395C798B1321CB6C00BCFBFC /* MyExample.h */; settings = {ATTRIBUTES = (Public, ); }; };
		395C7A431321E81100BCFBFC /* MyExample.m in Sources */ = {isa = PBXBuildFile; fileRef = 395C798C1321CB6C00BCFBFC /* MyExample.m */; };
/* End PBXBuildFile section */

/* Begin PBXFileReference section */
		395C79761321CAB100BCFBFC /* Example.framework */ = {isa = PBXFileReference; explicitFileType = wrapper.cfbundle; includeInIndex = 0; path = Example.framework; sourceTree = BUILT_PRODUCTS_DIR; };
		395C79771321CAB100BCFBFC /* Example-Info.plist */ = {isa = PBXFileReference; lastKnownFileType = text.plist.xml; path = "Example-Info.plist"; sourceTree = "<group>"; };
		395C79871321CB4D00BCFBFC /* Example.framework */ = {isa = PBXFileReference; lastKnownFileType = wrapper.framework; name = Example.framework; path = "build/Debug-universal/Example.framework"; sourceTree = "<group>"; };
		395C79891321CB5700BCFBFC /* Example.framework */ = {isa = PBXFileReference; lastKnownFileType = wrapper.framework; name = Example.framework; path = "build/Release-universal/Example.framework"; sourceTree = "<group>"; };
		395C798B1321CB6C00BCFBFC /* MyExample.h */ = {isa = PBXFileReference; fileEncoding = 4; lastKnownFileType = sourcecode.c.h; path = MyExample.h; sourceTree = "<group>"; };
		395C798C1321CB6C00BCFBFC /* MyExample.m */ = {isa = PBXFileReference; fileEncoding = 4; lastKnownFileType = sourcecode.c.objc; path = MyExample.m; sourceTree = "<group>"; };
		AA747D9E0F9514B9006C5449 /* ExampleProject_Prefix.pch */ = {isa = PBXFileReference; fileEncoding = 4; lastKnownFileType = sourcecode.c.h; path = ExampleProject_Prefix.pch; sourceTree = SOURCE_ROOT; };
		AACBBE490F95108600F1A2B1 /* Foundation.framework */ = {isa = PBXFileReference; lastKnownFileType = wrapper.framework; name = Foundation.framework; path = System/Library/Frameworks/Foundation.framework; sourceTree = SDKROOT; };
/* End PBXFileReference section */

/* Begin PBXFrameworksBuildPhase section */
		395C79741321CAB100BCFBFC /* Frameworks */ = {
			isa = PBXFrameworksBuildPhase;
			buildActionMask = 2147483647;
			files = (
			);
			runOnlyForDeploymentPostprocessing = 0;
		};
/* End PBXFrameworksBuildPhase section */

/* Begin PBXGroup section */
		034768DFFF38A50411DB9C8B /* Products */ = {
			isa = PBXGroup;
			children = (
				395C79761321CAB100BCFBFC /* Example.framework */,
			);
			name = Products;
			sourceTree = "<group>";
		};
		0867D691FE84028FC02AAC07 /* ExampleProject */ = {
			isa = PBXGroup;
			children = (
				395C79861321CB3D00BCFBFC /* Debug Framework */,
				395C79851321CB3500BCFBFC /* Release Framework */,
				08FB77AEFE84172EC02AAC07 /* Classes */,
				32C88DFF0371C24200C91783 /* Other Sources */,
				0867D69AFE84028FC02AAC07 /* Frameworks */,
				034768DFFF38A50411DB9C8B /* Products */,
				395C79771321CAB100BCFBFC /* Example-Info.plist */,
			);
			name = ExampleProject;
			sourceTree = "<group>";
		};
		0867D69AFE84028FC02AAC07 /* Frameworks */ = {
			isa = PBXGroup;
			children = (
				AACBBE490F95108600F1A2B1 /* Foundation.framework */,
			);
			name = Frameworks;
			sourceTree = "<group>";
		};
		08FB77AEFE84172EC02AAC07 /* Classes */ = {
			isa = PBXGroup;
			children = (
				395C798B1321CB6C00BCFBFC /* MyExample.h */,
				395C798C1321CB6C00BCFBFC /* MyExample.m */,
			);
			name = Classes;
			sourceTree = "<group>";
		};
		32C88DFF0371C24200C91783 /* Other Sources */ = {
			isa = PBXGroup;
			children = (
				AA747D9E0F9514B9006C5449 /* ExampleProject_Prefix.pch */,
			);
			name = "Other Sources";
			sourceTree = "<group>";
		};
		395C79851321CB3500BCFBFC /* Release Framework */ = {
			isa = PBXGroup;
			children = (
				395C79891321CB5700BCFBFC /* Example.framework */,
			);
			name = "Release Framework";
			sourceTree = "<group>";
		};
		395C79861321CB3D00BCFBFC /* Debug Framework */ = {
			isa = PBXGroup;
			children = (
				395C79871321CB4D00BCFBFC /* Example.framework */,
			);
			name = "Debug Framework";
			sourceTree = "<group>";
		};
/* End PBXGroup section */

/* Begin PBXHeadersBuildPhase section */
		395C79801321CB1000BCFBFC /* Headers */ = {
			isa = PBXHeadersBuildPhase;
			buildActionMask = 2147483647;
			files = (
				395C798D1321CB6C00BCFBFC /* MyExample.h in Headers */,
			);
			runOnlyForDeploymentPostprocessing = 0;
		};
/* End PBXHeadersBuildPhase section */

/* Begin PBXNativeTarget section */
		395C79751321CAB100BCFBFC /* Example */ = {
			isa = PBXNativeTarget;
			buildConfigurationList = 395C797A1321CAB100BCFBFC /* Build configuration list for PBXNativeTarget "Example" */;
			buildPhases = (
				395C79721321CAB100BCFBFC /* Resources */,
				395C79731321CAB100BCFBFC /* Sources */,
				395C79741321CAB100BCFBFC /* Frameworks */,
				395C79801321CB1000BCFBFC /* Headers */,
			);
			buildRules = (
			);
			dependencies = (
			);
			name = Example;
			productName = Example;
			productReference = 395C79761321CAB100BCFBFC /* Example.framework */;
			productType = "com.apple.product-type.bundle";
		};
/* End PBXNativeTarget section */

/* Begin PBXProject section */
		0867D690FE84028FC02AAC07 /* Project object */ = {
			isa = PBXProject;
			buildConfigurationList = 1DEB922208733DC00010E9CD /* Build configuration list for PBXProject "ExampleProject" */;
			compatibilityVersion = "Xcode 3.1";
			developmentRegion = English;
			hasScannedForEncodings = 1;
			knownRegions = (
				English,
				Japanese,
				French,
				German,
			);
			mainGroup = 0867D691FE84028FC02AAC07 /* ExampleProject */;
			productRefGroup = 034768DFFF38A50411DB9C8B /* Products */;
			projectDirPath = "";
			projectRoot = "";
			targets = (
				395C79751321CAB100BCFBFC /* Example */,
				395C79C51321CEE500BCFBFC /* Build Frameworks */,
				395C7A7A1321EC4F00BCFBFC /* Clean Frameworks */,
				395C7A821321ED6800BCFBFC /* Rebuild Frameworks */,
			);
		};
/* End PBXProject section */

/* Begin PBXResourcesBuildPhase section */
		395C79721321CAB100BCFBFC /* Resources */ = {
			isa = PBXResourcesBuildPhase;
			buildActionMask = 2147483647;
			files = (
			);
			runOnlyForDeploymentPostprocessing = 0;
		};
/* End PBXResourcesBuildPhase section */

/* Begin PBXShellScriptBuildPhase section */
		395C79C41321CEE500BCFBFC /* ShellScript */ = {
			isa = PBXShellScriptBuildPhase;
			buildActionMask = 2147483647;
			files = (
			);
			inputPaths = (
			);
			outputPaths = (
			);
			runOnlyForDeploymentPostprocessing = 0;
			shellPath = /bin/sh;
			shellScript = "# shell script goes here\n\nsh UniversalFW.sh Example\n\nexit 0";
		};
		395C7A791321EC4F00BCFBFC /* ShellScript */ = {
			isa = PBXShellScriptBuildPhase;
			buildActionMask = 2147483647;
			files = (
			);
			inputPaths = (
			);
			outputPaths = (
			);
			runOnlyForDeploymentPostprocessing = 0;
			shellPath = /bin/sh;
			shellScript = "# shell script goes here\n\nsh UniversalFW.sh -a clean Example\n\nexit 0";
		};
		395C7A811321ED6800BCFBFC /* ShellScript */ = {
			isa = PBXShellScriptBuildPhase;
			buildActionMask = 2147483647;
			files = (
			);
			inputPaths = (
			);
			outputPaths = (
			);
			runOnlyForDeploymentPostprocessing = 0;
			shellPath = /bin/sh;
			shellScript = "# shell script goes here\n\nsh UniversalFW.sh -a rebuild Example\n\nexit 0";
		};
/* End PBXShellScriptBuildPhase section */

/* Begin PBXSourcesBuildPhase section */
		395C79731321CAB100BCFBFC /* Sources */ = {
			isa = PBXSourcesBuildPhase;
			buildActionMask = 2147483647;
			files = (
				395C7A431321E81100BCFBFC /* MyExample.m in Sources */,
			);
			runOnlyForDeploymentPostprocessing = 0;
		};
/* End PBXSourcesBuildPhase section */

/* Begin XCBuildConfiguration section */
		1DEB922308733DC00010E9CD /* Debug */ = {
			isa = XCBuildConfiguration;
			buildSettings = {
				ARCHS = "$(ARCHS_STANDARD_32_BIT)";
				GCC_C_LANGUAGE_STANDARD = c99;
				GCC_OPTIMIZATION_LEVEL = 0;
				GCC_WARN_ABOUT_RETURN_TYPE = YES;
				GCC_WARN_UNUSED_VARIABLE = YES;
				OTHER_LDFLAGS = "-ObjC";
				PREBINDING = NO;
				SDKROOT = iphoneos;
			};
			name = Debug;
		};
		1DEB922408733DC00010E9CD /* Release */ = {
			isa = XCBuildConfiguration;
			buildSettings = {
				ARCHS = "$(ARCHS_STANDARD_32_BIT)";
				GCC_C_LANGUAGE_STANDARD = c99;
				GCC_WARN_ABOUT_RETURN_TYPE = YES;
				GCC_WARN_UNUSED_VARIABLE = YES;
				OTHER_LDFLAGS = "-ObjC";
				PREBINDING = NO;
				SDKROOT = iphoneos;
			};
			name = Release;
		};
		395C79781321CAB100BCFBFC /* Debug */ = {
			isa = XCBuildConfiguration;
			buildSettings = {
				ALWAYS_SEARCH_USER_PATHS = NO;
				COPY_PHASE_STRIP = NO;
				DEAD_CODE_STRIPPING = NO;
				GCC_DYNAMIC_NO_PIC = NO;
				GCC_ENABLE_FIX_AND_CONTINUE = YES;
				GCC_MODEL_TUNING = G5;
				GCC_OPTIMIZATION_LEVEL = 0;
				GCC_PRECOMPILE_PREFIX_HEADER = YES;
				GCC_PREFIX_HEADER = "";
				INFOPLIST_FILE = "Example-Info.plist";
				INSTALL_PATH = "$(HOME)/Library/Bundles";
				LIBRARY_SEARCH_PATHS = (
					"$(inherited)",
					"\"$(SRCROOT)/build/Release-iphonesimulator\"",
				);
				LINK_WITH_STANDARD_LIBRARIES = NO;
				MACH_O_TYPE = mh_object;
				OTHER_LDFLAGS = "";
				PREBINDING = NO;
				PRODUCT_NAME = Example;
				WRAPPER_EXTENSION = framework;
			};
			name = Debug;
		};
		395C79791321CAB100BCFBFC /* Release */ = {
			isa = XCBuildConfiguration;
			buildSettings = {
				ALWAYS_SEARCH_USER_PATHS = NO;
				COPY_PHASE_STRIP = YES;
				DEAD_CODE_STRIPPING = NO;
				DEBUG_INFORMATION_FORMAT = "dwarf-with-dsym";
				GCC_ENABLE_FIX_AND_CONTINUE = NO;
				GCC_MODEL_TUNING = G5;
				GCC_PRECOMPILE_PREFIX_HEADER = YES;
				GCC_PREFIX_HEADER = "";
				INFOPLIST_FILE = "Example-Info.plist";
				INSTALL_PATH = "$(HOME)/Library/Bundles";
				LIBRARY_SEARCH_PATHS = (
					"$(inherited)",
					"\"$(SRCROOT)/build/Release-iphonesimulator\"",
				);
				LINK_WITH_STANDARD_LIBRARIES = NO;
				MACH_O_TYPE = mh_object;
				OTHER_LDFLAGS = "";
				PREBINDING = NO;
				PRODUCT_NAME = Example;
				WRAPPER_EXTENSION = framework;
				ZERO_LINK = NO;
			};
			name = Release;
		};
		395C79C61321CEE500BCFBFC /* Debug */ = {
			isa = XCBuildConfiguration;
			buildSettings = {
				COPY_PHASE_STRIP = NO;
				GCC_DYNAMIC_NO_PIC = NO;
				GCC_OPTIMIZATION_LEVEL = 0;
				PRODUCT_NAME = "Test Script";
			};
			name = Debug;
		};
		395C79C71321CEE500BCFBFC /* Release */ = {
			isa = XCBuildConfiguration;
			buildSettings = {
				COPY_PHASE_STRIP = YES;
				DEBUG_INFORMATION_FORMAT = "dwarf-with-dsym";
				GCC_ENABLE_FIX_AND_CONTINUE = NO;
				PRODUCT_NAME = "Test Script";
				ZERO_LINK = NO;
			};
			name = Release;
		};
		395C7A7B1321EC4F00BCFBFC /* Debug */ = {
			isa = XCBuildConfiguration;
			buildSettings = {
				COPY_PHASE_STRIP = NO;
				GCC_DYNAMIC_NO_PIC = NO;
				GCC_OPTIMIZATION_LEVEL = 0;
				PRODUCT_NAME = "Clean Frameworks";
			};
			name = Debug;
		};
		395C7A7C1321EC4F00BCFBFC /* Release */ = {
			isa = XCBuildConfiguration;
			buildSettings = {
				COPY_PHASE_STRIP = YES;
				DEBUG_INFORMATION_FORMAT = "dwarf-with-dsym";
				GCC_ENABLE_FIX_AND_CONTINUE = NO;
				PRODUCT_NAME = "Clean Frameworks";
				ZERO_LINK = NO;
			};
			name = Release;
		};
		395C7A831321ED6900BCFBFC /* Debug */ = {
			isa = XCBuildConfiguration;
			buildSettings = {
				COPY_PHASE_STRIP = NO;
				GCC_DYNAMIC_NO_PIC = NO;
				GCC_OPTIMIZATION_LEVEL = 0;
				PRODUCT_NAME = Rebuild;
			};
			name = Debug;
		};
		395C7A841321ED6900BCFBFC /* Release */ = {
			isa = XCBuildConfiguration;
			buildSettings = {
				COPY_PHASE_STRIP = YES;
				DEBUG_INFORMATION_FORMAT = "dwarf-with-dsym";
				GCC_ENABLE_FIX_AND_CONTINUE = NO;
				PRODUCT_NAME = Rebuild;
				ZERO_LINK = NO;
			};
			name = Release;
		};
/* End XCBuildConfiguration section */

/* Begin XCConfigurationList section */
		1DEB922208733DC00010E9CD /* Build configuration list for PBXProject "ExampleProject" */ = {
			isa = XCConfigurationList;
			buildConfigurations = (
				1DEB922308733DC00010E9CD /* Debug */,
				1DEB922408733DC00010E9CD /* Release */,
			);
			defaultConfigurationIsVisible = 0;
			defaultConfigurationName = Release;
		};
		395C797A1321CAB100BCFBFC /* Build configuration list for PBXNativeTarget "Example" */ = {
			isa = XCConfigurationList;
			buildConfigurations = (
				395C79781321CAB100BCFBFC /* Debug */,
				395C79791321CAB100BCFBFC /* Release */,
			);
			defaultConfigurationIsVisible = 0;
			defaultConfigurationName = Release;
		};
		395C79CD1321CEF000BCFBFC /* Build configuration list for PBXAggregateTarget "Build Frameworks" */ = {
			isa = XCConfigurationList;
			buildConfigurations = (
				395C79C61321CEE500BCFBFC /* Debug */,
				395C79C71321CEE500BCFBFC /* Release */,
			);
			defaultConfigurationIsVisible = 0;
			defaultConfigurationName = Release;
		};
		395C7A801321EC6300BCFBFC /* Build configuration list for PBXAggregateTarget "Clean Frameworks" */ = {
			isa = XCConfigurationList;
			buildConfigurations = (
				395C7A7B1321EC4F00BCFBFC /* Debug */,
				395C7A7C1321EC4F00BCFBFC /* Release */,
			);
			defaultConfigurationIsVisible = 0;
			defaultConfigurationName = Release;
		};
		395C7A8B1321ED8500BCFBFC /* Build configuration list for PBXAggregateTarget "Rebuild Frameworks" */ = {
			isa = XCConfigurationList;
			buildConfigurations = (
				395C7A831321ED6900BCFBFC /* Debug */,
				395C7A841321ED6900BCFBFC /* Release */,
			);
			defaultConfigurationIsVisible = 0;
			defaultConfigurationName = Release;
		};
/* End XCConfigurationList section */
	};
	rootObject = 0867D690FE84028FC02AAC07 /* Project object */;
}
